
Microsoft Visual Studio Solution File, Format Version 12.00
# Visual Studio Version 17
VisualStudioVersion = 17.3.32811.315
MinimumVisualStudioVersion = 10.0.40219.1
Project("{2150E333-8FDC-42A3-9474-1A3956D46DE8}") = "src", "src", "{73B7F974-842C-487F-B9B3-066C271C30C8}"
	ProjectSection(SolutionItems) = preProject
		swagger.json = swagger.json
	EndProjectSection
EndProject
Project("{2150E333-8FDC-42A3-9474-1A3956D46DE8}") = "1-Web", "1-Web", "{6F8242FF-C371-4D74-BABE-443826CD2101}"
EndProject
Project("{2150E333-8FDC-42A3-9474-1A3956D46DE8}") = "2-Domain", "2-Domain", "{DC524724-A52A-401D-AC76-5A19EF2F4BDD}"
EndProject
Project("{2150E333-8FDC-42A3-9474-1A3956D46DE8}") = "3-Infra", "3-Infra", "{5F6F0F27-FEA8-40E4-8D35-947D59B94BB3}"
EndProject
Project("{2150E333-8FDC-42A3-9474-1A3956D46DE8}") = "test", "test", "{0F742298-FF9B-4FA5-BDDA-CAEB0B3A6751}"
EndProject
Project("{2150E333-8FDC-42A3-9474-1A3956D46DE8}") = "3.1-Data", "3.1-Data", "{B64C1255-0520-400E-B9BE-63DF9FB20B9D}"
EndProject
Project("{2150E333-8FDC-42A3-9474-1A3956D46DE8}") = "3.2-CrossCutting", "3.2-CrossCutting", "{8370D786-F703-43FC-931A-B89A85B625DF}"
EndProject
Project("{9A19103F-16F7-4668-BE54-9A1E7A4F7556}") = "AccioBook.WepApi", "src\1-Web\AccioBook.WepApi\AccioBook.WepApi.csproj", "{FB19CEE7-0BCF-44B4-8B5D-02C698DB7649}"
EndProject
Project("{9A19103F-16F7-4668-BE54-9A1E7A4F7556}") = "AccioBook.Domain", "src\2-Domain\AccioBook.Domain\AccioBook.Domain.csproj", "{F8AF9C14-AC65-4F0D-95DC-4C1D14E5C349}"
EndProject
Project("{9A19103F-16F7-4668-BE54-9A1E7A4F7556}") = "AccioBook.Data", "src\3-Infra\3.1-Data\AccioBook.Data\AccioBook.Data.csproj", "{FC2F89A9-25B0-4E50-8876-6416DC6D7A68}"
EndProject
Project("{9A19103F-16F7-4668-BE54-9A1E7A4F7556}") = "AccioBook.CrossCutting.IoC", "src\3-Infra\3.2-CrossCutting\AccioBook.CrossCutting.IoC\AccioBook.CrossCutting.IoC.csproj", "{85064172-98BC-4775-A24A-CBDF349BD49B}"
EndProject
Project("{2150E333-8FDC-42A3-9474-1A3956D46DE8}") = "1-Web", "1-Web", "{C70079FC-E965-4B5B-9347-D4C9C2280E8B}"
EndProject
Project("{9A19103F-16F7-4668-BE54-9A1E7A4F7556}") = "AccioBook.WepApi.Test", "test\1-Web\AccioBook.WepApi.Test\AccioBook.WepApi.Test.csproj", "{2D675AC1-7F3B-4E1F-9864-E5BE5361F375}"
EndProject
Project("{9A19103F-16F7-4668-BE54-9A1E7A4F7556}") = "AccioBook.CrossCutting.Criptografy", "src\3-Infra\3.2-CrossCutting\AccioBook.CrossCutting.Criptografy\AccioBook.CrossCutting.Criptografy.csproj", "{4B1C1B23-D6A1-4F82-97EB-52C2A49C83EF}"
EndProject
Project("{2150E333-8FDC-42A3-9474-1A3956D46DE8}") = "3-Infra", "3-Infra", "{D791F76B-4D1D-48FA-90D7-81C948F45D22}"
EndProject
Project("{2150E333-8FDC-42A3-9474-1A3956D46DE8}") = "3.2-CrossCutting", "3.2-CrossCutting", "{FC977282-C0D9-4DBB-A7FA-C32CA3887D8E}"
EndProject
Project("{9A19103F-16F7-4668-BE54-9A1E7A4F7556}") = "AccioBook.CrossCutting.Criptografy.Test", "test\3-Infra\3.2-CrossCutting\AccioBook.CrossCutting.Criptografy.Test\AccioBook.CrossCutting.Criptografy.Test.csproj", "{E16EFD6E-99F6-4989-94BB-E8BF021E4002}"
EndProject
Global
	GlobalSection(SolutionConfigurationPlatforms) = preSolution
		Debug|Any CPU = Debug|Any CPU
		Release|Any CPU = Release|Any CPU
	EndGlobalSection
	GlobalSection(ProjectConfigurationPlatforms) = postSolution
		{FB19CEE7-0BCF-44B4-8B5D-02C698DB7649}.Debug|Any CPU.ActiveCfg = Debug|Any CPU
		{FB19CEE7-0BCF-44B4-8B5D-02C698DB7649}.Debug|Any CPU.Build.0 = Debug|Any CPU
		{FB19CEE7-0BCF-44B4-8B5D-02C698DB7649}.Release|Any CPU.ActiveCfg = Release|Any CPU
		{FB19CEE7-0BCF-44B4-8B5D-02C698DB7649}.Release|Any CPU.Build.0 = Release|Any CPU
		{F8AF9C14-AC65-4F0D-95DC-4C1D14E5C349}.Debug|Any CPU.ActiveCfg = Debug|Any CPU
		{F8AF9C14-AC65-4F0D-95DC-4C1D14E5C349}.Debug|Any CPU.Build.0 = Debug|Any CPU
		{F8AF9C14-AC65-4F0D-95DC-4C1D14E5C349}.Release|Any CPU.ActiveCfg = Release|Any CPU
		{F8AF9C14-AC65-4F0D-95DC-4C1D14E5C349}.Release|Any CPU.Build.0 = Release|Any CPU
		{FC2F89A9-25B0-4E50-8876-6416DC6D7A68}.Debug|Any CPU.ActiveCfg = Debug|Any CPU
		{FC2F89A9-25B0-4E50-8876-6416DC6D7A68}.Debug|Any CPU.Build.0 = Debug|Any CPU
		{FC2F89A9-25B0-4E50-8876-6416DC6D7A68}.Release|Any CPU.ActiveCfg = Release|Any CPU
		{FC2F89A9-25B0-4E50-8876-6416DC6D7A68}.Release|Any CPU.Build.0 = Release|Any CPU
		{85064172-98BC-4775-A24A-CBDF349BD49B}.Debug|Any CPU.ActiveCfg = Debug|Any CPU
		{85064172-98BC-4775-A24A-CBDF349BD49B}.Debug|Any CPU.Build.0 = Debug|Any CPU
		{85064172-98BC-4775-A24A-CBDF349BD49B}.Release|Any CPU.ActiveCfg = Release|Any CPU
		{85064172-98BC-4775-A24A-CBDF349BD49B}.Release|Any CPU.Build.0 = Release|Any CPU
		{2D675AC1-7F3B-4E1F-9864-E5BE5361F375}.Debug|Any CPU.ActiveCfg = Debug|Any CPU
		{2D675AC1-7F3B-4E1F-9864-E5BE5361F375}.Debug|Any CPU.Build.0 = Debug|Any CPU
		{2D675AC1-7F3B-4E1F-9864-E5BE5361F375}.Release|Any CPU.ActiveCfg = Release|Any CPU
		{2D675AC1-7F3B-4E1F-9864-E5BE5361F375}.Release|Any CPU.Build.0 = Release|Any CPU
		{4B1C1B23-D6A1-4F82-97EB-52C2A49C83EF}.Debug|Any CPU.ActiveCfg = Debug|Any CPU
		{4B1C1B23-D6A1-4F82-97EB-52C2A49C83EF}.Debug|Any CPU.Build.0 = Debug|Any CPU
		{4B1C1B23-D6A1-4F82-97EB-52C2A49C83EF}.Release|Any CPU.ActiveCfg = Release|Any CPU
		{4B1C1B23-D6A1-4F82-97EB-52C2A49C83EF}.Release|Any CPU.Build.0 = Release|Any CPU
		{E16EFD6E-99F6-4989-94BB-E8BF021E4002}.Debug|Any CPU.ActiveCfg = Debug|Any CPU
		{E16EFD6E-99F6-4989-94BB-E8BF021E4002}.Debug|Any CPU.Build.0 = Debug|Any CPU
		{E16EFD6E-99F6-4989-94BB-E8BF021E4002}.Release|Any CPU.ActiveCfg = Release|Any CPU
		{E16EFD6E-99F6-4989-94BB-E8BF021E4002}.Release|Any CPU.Build.0 = Release|Any CPU
	EndGlobalSection
	GlobalSection(SolutionProperties) = preSolution
		HideSolutionNode = FALSE
	EndGlobalSection
	GlobalSection(NestedProjects) = preSolution
		{6F8242FF-C371-4D74-BABE-443826CD2101} = {73B7F974-842C-487F-B9B3-066C271C30C8}
		{DC524724-A52A-401D-AC76-5A19EF2F4BDD} = {73B7F974-842C-487F-B9B3-066C271C30C8}
		{5F6F0F27-FEA8-40E4-8D35-947D59B94BB3} = {73B7F974-842C-487F-B9B3-066C271C30C8}
		{B64C1255-0520-400E-B9BE-63DF9FB20B9D} = {5F6F0F27-FEA8-40E4-8D35-947D59B94BB3}
		{8370D786-F703-43FC-931A-B89A85B625DF} = {5F6F0F27-FEA8-40E4-8D35-947D59B94BB3}
		{FB19CEE7-0BCF-44B4-8B5D-02C698DB7649} = {6F8242FF-C371-4D74-BABE-443826CD2101}
		{F8AF9C14-AC65-4F0D-95DC-4C1D14E5C349} = {DC524724-A52A-401D-AC76-5A19EF2F4BDD}
		{FC2F89A9-25B0-4E50-8876-6416DC6D7A68} = {B64C1255-0520-400E-B9BE-63DF9FB20B9D}
		{85064172-98BC-4775-A24A-CBDF349BD49B} = {8370D786-F703-43FC-931A-B89A85B625DF}
		{C70079FC-E965-4B5B-9347-D4C9C2280E8B} = {0F742298-FF9B-4FA5-BDDA-CAEB0B3A6751}
		{2D675AC1-7F3B-4E1F-9864-E5BE5361F375} = {C70079FC-E965-4B5B-9347-D4C9C2280E8B}
		{4B1C1B23-D6A1-4F82-97EB-52C2A49C83EF} = {8370D786-F703-43FC-931A-B89A85B625DF}
		{D791F76B-4D1D-48FA-90D7-81C948F45D22} = {0F742298-FF9B-4FA5-BDDA-CAEB0B3A6751}
		{FC977282-C0D9-4DBB-A7FA-C32CA3887D8E} = {D791F76B-4D1D-48FA-90D7-81C948F45D22}
		{E16EFD6E-99F6-4989-94BB-E8BF021E4002} = {FC977282-C0D9-4DBB-A7FA-C32CA3887D8E}
	EndGlobalSection
	GlobalSection(ExtensibilityGlobals) = postSolution
		SolutionGuid = {0AA84D44-46E9-49BC-824F-C59112282972}
	EndGlobalSection
EndGlobal
